{
  "name": "cuddlemuffin",
  "version": "1.10.0",
  "lockfileVersion": 2,
  "requires": true,
  "packages": {
    "": {
      "version": "1.10.0",
      "license": "ISC",
      "dependencies": {
        "alphanum-sort": "^1.0.2",
        "mixof": "^1.5.0",
        "mkdirp": "^0.5.1",
        "path-exists": "^3.0.0",
        "pify": "^3.0.0",
        "uuidv4": "^1.0.1"
      }
    },
    "node_modules/alphanum-sort": {
      "version": "1.0.2",
      "resolved": "https://registry.npmjs.org/alphanum-sort/-/alphanum-sort-1.0.2.tgz",
      "integrity": "sha1-l6ERlkmyEa0zaR2fn0hqjsn74KM="
    },
    "node_modules/minimist": {
      "version": "1.2.6",
      "resolved": "https://registry.npmjs.org/minimist/-/minimist-1.2.6.tgz",
      "integrity": "sha512-Jsjnk4bw3YJqYzbdyBiNsPWHPfO++UGG749Cxs6peCu5Xg4nrena6OVxOYxrQTqww0Jmwt+Ref8rggumkTLz9Q=="
    },
    "node_modules/mixof": {
      "version": "1.6.0",
      "resolved": "https://registry.npmjs.org/mixof/-/mixof-1.6.0.tgz",
      "integrity": "sha512-enuYXSCf/CBT1XWp19aIrceZ/3AzDXLrySo/xEZN38BfbzwONkRSO1xnUHVu40bwCAFxgclvTOSYifsdELmAcg=="
    },
    "node_modules/mkdirp": {
      "version": "0.5.6",
      "resolved": "https://registry.npmjs.org/mkdirp/-/mkdirp-0.5.6.tgz",
      "integrity": "sha512-FP+p8RB8OWpF3YZBCrP5gtADmtXApB5AMLn+vdyA+PyxCjrCs00mjyUozssO33cwDeT3wNGdLxJ5M//YqtHAJw==",
      "dependencies": {
        "minimist": "^1.2.6"
      },
      "bin": {
        "mkdirp": "bin/cmd.js"
      }
    },
    "node_modules/path-exists": {
      "version": "3.0.0",
      "resolved": "https://registry.npmjs.org/path-exists/-/path-exists-3.0.0.tgz",
      "integrity": "sha1-zg6+ql94yxiSXqfYENe1mwEP1RU=",
      "engines": {
        "node": ">=4"
      }
    },
    "node_modules/pify": {
      "version": "3.0.0",
      "resolved": "https://registry.npmjs.org/pify/-/pify-3.0.0.tgz",
      "integrity": "sha1-5aSs0sEB/fPZpNB/DbxNtJ3SgXY=",
      "engines": {
        "node": ">=4"
      }
    },
    "node_modules/sha-1": {
      "version": "0.1.1",
      "resolved": "https://registry.npmjs.org/sha-1/-/sha-1-0.1.1.tgz",
      "integrity": "sha1-KjkwS/QburEd2e+3R07CWxqSwlc="
    },
    "node_modules/uuid": {
      "version": "3.2.1",
      "resolved": "https://registry.npmjs.org/uuid/-/uuid-3.2.1.tgz",
      "integrity": "sha512-jZnMwlb9Iku/O3smGWvZhauCf6cvvpKi4BKRiliS3cxnI+Gz9j5MEpTz2UFuXiKPJocb7gnsLHwiS05ige5BEA==",
      "deprecated": "Please upgrade  to version 7 or higher.  Older versions may use Math.random() in certain circumstances, which is known to be problematic.  See https://v8.dev/blog/math-random for details.",
      "bin": {
        "uuid": "bin/uuid"
      }
    },
    "node_modules/uuidv4": {
      "version": "1.0.1",
      "resolved": "https://registry.npmjs.org/uuidv4/-/uuidv4-1.0.1.tgz",
      "integrity": "sha512-Anb/VRbs8Xqvz3C4um6JmSVn+HQG4M7Opa6xqoMZFf0wL+AlDDHGRFvGtuspGctlkfOREzDEDjyPGjS7bcs89A==",
      "dependencies": {
        "sha-1": "0.1.1",
        "uuid": "3.2.1"
      }
    }
  },
  "dependencies": {
    "alphanum-sort": {
      "version": "1.0.2",
      "resolved": "https://registry.npmjs.org/alphanum-sort/-/alphanum-sort-1.0.2.tgz",
      "integrity": "sha1-l6ERlkmyEa0zaR2fn0hqjsn74KM="
    },
    "minimist": {
      "version": "1.2.6",
      "resolved": "https://registry.npmjs.org/minimist/-/minimist-1.2.6.tgz",
      "integrity": "sha512-Jsjnk4bw3YJqYzbdyBiNsPWHPfO++UGG749Cxs6peCu5Xg4nrena6OVxOYxrQTqww0Jmwt+Ref8rggumkTLz9Q=="
    },
    "mixof": {
      "version": "1.6.0",
      "resolved": "https://registry.npmjs.org/mixof/-/mixof-1.6.0.tgz",
      "integrity": "sha512-enuYXSCf/CBT1XWp19aIrceZ/3AzDXLrySo/xEZN38BfbzwONkRSO1xnUHVu40bwCAFxgclvTOSYifsdELmAcg=="
    },
    "mkdirp": {
      "version": "0.5.6",
      "resolved": "https://registry.npmjs.org/mkdirp/-/mkdirp-0.5.6.tgz",
      "integrity": "sha512-FP+p8RB8OWpF3YZBCrP5gtADmtXApB5AMLn+vdyA+PyxCjrCs00mjyUozssO33cwDeT3wNGdLxJ5M//YqtHAJw==",
      "requires": {
        "minimist": "^1.2.6"
      }
    },
    "path-exists": {
      "version": "3.0.0",
      "resolved": "https://registry.npmjs.org/path-exists/-/path-exists-3.0.0.tgz",
      "integrity": "sha1-zg6+ql94yxiSXqfYENe1mwEP1RU="
    },
    "pify": {
      "version": "3.0.0",
      "resolved": "https://registry.npmjs.org/pify/-/pify-3.0.0.tgz",
      "integrity": "sha1-5aSs0sEB/fPZpNB/DbxNtJ3SgXY="
    },
    "sha-1": {
      "version": "0.1.1",
      "resolved": "https://registry.npmjs.org/sha-1/-/sha-1-0.1.1.tgz",
      "integrity": "sha1-KjkwS/QburEd2e+3R07CWxqSwlc="
    },
    "uuid": {
      "version": "3.2.1",
      "resolved": "https://registry.npmjs.org/uuid/-/uuid-3.2.1.tgz",
      "integrity": "sha512-jZnMwlb9Iku/O3smGWvZhauCf6cvvpKi4BKRiliS3cxnI+Gz9j5MEpTz2UFuXiKPJocb7gnsLHwiS05ige5BEA=="
    },
    "uuidv4": {
      "version": "1.0.1",
      "resolved": "https://registry.npmjs.org/uuidv4/-/uuidv4-1.0.1.tgz",
      "integrity": "sha512-Anb/VRbs8Xqvz3C4um6JmSVn+HQG4M7Opa6xqoMZFf0wL+AlDDHGRFvGtuspGctlkfOREzDEDjyPGjS7bcs89A==",
      "requires": {
        "sha-1": "0.1.1",
        "uuid": "3.2.1"
      }
    }
  }
}
